// !$*UTF8*$!
{
	archiveVersion = 1;
	classes = {
	};
	objectVersion = 46;
	objects = {

/* Begin PBXBuildFile section */
		1F1AB3F716FDE05F00433ED5 /* pagerank.1 in CopyFiles */ = {isa = PBXBuildFile; fileRef = 1F1AB3F616FDE05F00433ED5 /* pagerank.1 */; };
		1F1AB3FB16FDE11800433ED5 /* pagerank.cpp in Sources */ = {isa = PBXBuildFile; fileRef = 1F1AB3DF16FDE02D00433ED5 /* pagerank.cpp */; };
/* End PBXBuildFile section */

/* Begin PBXCopyFilesBuildPhase section */
		1F1AB3EF16FDE05F00433ED5 /* CopyFiles */ = {
			isa = PBXCopyFilesBuildPhase;
			buildActionMask = 2147483647;
			dstPath = /usr/share/man/man1/;
			dstSubfolderSpec = 0;
			files = (
				1F1AB3F716FDE05F00433ED5 /* pagerank.1 in CopyFiles */,
			);
			runOnlyForDeploymentPostprocessing = 1;
		};
/* End PBXCopyFilesBuildPhase section */

/* Begin PBXFileReference section */
		1F1AB3D916FDE02D00433ED5 /* CMakeLists.txt */ = {isa = PBXFileReference; lastKnownFileType = text; path = CMakeLists.txt; sourceTree = "<group>"; };
		1F1AB3DA16FDE02D00433ED5 /* CMakeLists.txt */ = {isa = PBXFileReference; lastKnownFileType = text; path = CMakeLists.txt; sourceTree = "<group>"; };
		1F1AB3DE16FDE02D00433ED5 /* CMakeLists.txt */ = {isa = PBXFileReference; lastKnownFileType = text; path = CMakeLists.txt; sourceTree = "<group>"; };
		1F1AB3DF16FDE02D00433ED5 /* pagerank.cpp */ = {isa = PBXFileReference; lastKnownFileType = sourcecode.cpp.cpp; path = pagerank.cpp; sourceTree = "<group>"; };
		1F1AB3E116FDE02D00433ED5 /* CMakeLists.txt */ = {isa = PBXFileReference; lastKnownFileType = text; path = CMakeLists.txt; sourceTree = "<group>"; };
		1F1AB3E216FDE02D00433ED5 /* context.hpp */ = {isa = PBXFileReference; lastKnownFileType = sourcecode.cpp.h; path = context.hpp; sourceTree = "<group>"; };
		1F1AB3E316FDE02D00433ED5 /* engine.hpp */ = {isa = PBXFileReference; lastKnownFileType = sourcecode.cpp.h; path = engine.hpp; sourceTree = "<group>"; };
		1F1AB3E416FDE02D00433ED5 /* graph.hpp */ = {isa = PBXFileReference; lastKnownFileType = sourcecode.cpp.h; path = graph.hpp; sourceTree = "<group>"; };
		1F1AB3E616FDE02D00433ED5 /* graph_storage.hpp */ = {isa = PBXFileReference; lastKnownFileType = sourcecode.cpp.h; path = graph_storage.hpp; sourceTree = "<group>"; };
		1F1AB3E716FDE02D00433ED5 /* icontext.hpp */ = {isa = PBXFileReference; lastKnownFileType = sourcecode.cpp.h; path = icontext.hpp; sourceTree = "<group>"; };
		1F1AB3E816FDE02D00433ED5 /* local_graph.hpp */ = {isa = PBXFileReference; lastKnownFileType = sourcecode.cpp.h; path = local_graph.hpp; sourceTree = "<group>"; };
		1F1AB3E916FDE02D00433ED5 /* sae_include.hpp */ = {isa = PBXFileReference; lastKnownFileType = sourcecode.cpp.h; path = sae_include.hpp; sourceTree = "<group>"; };
		1F1AB3EC16FDE02D00433ED5 /* vertex_program.hpp */ = {isa = PBXFileReference; lastKnownFileType = sourcecode.cpp.h; path = vertex_program.hpp; sourceTree = "<group>"; };
		1F1AB3F116FDE05F00433ED5 /* pagerank */ = {isa = PBXFileReference; explicitFileType = "compiled.mach-o.executable"; includeInIndex = 0; path = pagerank; sourceTree = BUILT_PRODUCTS_DIR; };
		1F1AB3F616FDE05F00433ED5 /* pagerank.1 */ = {isa = PBXFileReference; lastKnownFileType = text.man; path = pagerank.1; sourceTree = "<group>"; };
		1F1AB3FC16FDE2F100433ED5 /* dumb.cpp */ = {isa = PBXFileReference; fileEncoding = 4; lastKnownFileType = sourcecode.cpp.cpp; path = dumb.cpp; sourceTree = "<group>"; };
		1F1AB3FD16FDE2F100433ED5 /* graph_basic_types.hpp */ = {isa = PBXFileReference; fileEncoding = 4; lastKnownFileType = sourcecode.cpp.h; path = graph_basic_types.hpp; sourceTree = "<group>"; };
		1F1AB3FE16FDE2F100433ED5 /* sample_data.hpp */ = {isa = PBXFileReference; fileEncoding = 4; lastKnownFileType = sourcecode.cpp.h; path = sample_data.hpp; sourceTree = "<group>"; };
		1F1AB3FF16FDE2F100433ED5 /* synchronous_engine.hpp */ = {isa = PBXFileReference; fileEncoding = 4; lastKnownFileType = sourcecode.cpp.h; path = synchronous_engine.hpp; sourceTree = "<group>"; };
/* End PBXFileReference section */

/* Begin PBXFrameworksBuildPhase section */
		1F1AB3EE16FDE05F00433ED5 /* Frameworks */ = {
			isa = PBXFrameworksBuildPhase;
			buildActionMask = 2147483647;
			files = (
			);
			runOnlyForDeploymentPostprocessing = 0;
		};
/* End PBXFrameworksBuildPhase section */

/* Begin PBXGroup section */
		1F1AB3CF16FDDFDB00433ED5 = {
			isa = PBXGroup;
			children = (
				1F1AB3D616FDE02D00433ED5 /* src */,
				1F1AB3F316FDE05F00433ED5 /* pagerank */,
				1F1AB3F216FDE05F00433ED5 /* Products */,
			);
			sourceTree = "<group>";
		};
		1F1AB3D616FDE02D00433ED5 /* src */ = {
			isa = PBXGroup;
			children = (
				1F1AB3D716FDE02D00433ED5 /* app */,
				1F1AB3E016FDE02D00433ED5 /* saedb */,
			);
			name = src;
			path = ../src;
			sourceTree = "<group>";
		};
		1F1AB3D716FDE02D00433ED5 /* app */ = {
			isa = PBXGroup;
			children = (
				1F1AB3D816FDE02D00433ED5 /* basic */,
				1F1AB3DA16FDE02D00433ED5 /* CMakeLists.txt */,
				1F1AB3DB16FDE02D00433ED5 /* demo */,
			);
			path = app;
			sourceTree = "<group>";
		};
		1F1AB3D816FDE02D00433ED5 /* basic */ = {
			isa = PBXGroup;
			children = (
				1F1AB3D916FDE02D00433ED5 /* CMakeLists.txt */,
			);
			path = basic;
			sourceTree = "<group>";
		};
		1F1AB3DB16FDE02D00433ED5 /* demo */ = {
			isa = PBXGroup;
			children = (
				1F1AB3DD16FDE02D00433ED5 /* pagerank */,
			);
			path = demo;
			sourceTree = "<group>";
		};
		1F1AB3DD16FDE02D00433ED5 /* pagerank */ = {
			isa = PBXGroup;
			children = (
				1F1AB3DE16FDE02D00433ED5 /* CMakeLists.txt */,
				1F1AB3DF16FDE02D00433ED5 /* pagerank.cpp */,
			);
			path = pagerank;
			sourceTree = "<group>";
		};
		1F1AB3E016FDE02D00433ED5 /* saedb */ = {
			isa = PBXGroup;
			children = (
				1F1AB3FC16FDE2F100433ED5 /* dumb.cpp */,
				1F1AB3FD16FDE2F100433ED5 /* graph_basic_types.hpp */,
				1F1AB3FE16FDE2F100433ED5 /* sample_data.hpp */,
				1F1AB3FF16FDE2F100433ED5 /* synchronous_engine.hpp */,
				1F1AB3E116FDE02D00433ED5 /* CMakeLists.txt */,
				1F1AB3E216FDE02D00433ED5 /* context.hpp */,
				1F1AB3E316FDE02D00433ED5 /* engine.hpp */,
				1F1AB3E416FDE02D00433ED5 /* graph.hpp */,
				1F1AB3E616FDE02D00433ED5 /* graph_storage.hpp */,
				1F1AB3E716FDE02D00433ED5 /* icontext.hpp */,
				1F1AB3E816FDE02D00433ED5 /* local_graph.hpp */,
				1F1AB3E916FDE02D00433ED5 /* sae_include.hpp */,
				1F1AB3EC16FDE02D00433ED5 /* vertex_program.hpp */,
			);
			path = saedb;
			sourceTree = "<group>";
		};
		1F1AB3F216FDE05F00433ED5 /* Products */ = {
			isa = PBXGroup;
			children = (
				1F1AB3F116FDE05F00433ED5 /* pagerank */,
			);
			name = Products;
			sourceTree = "<group>";
		};
		1F1AB3F316FDE05F00433ED5 /* pagerank */ = {
			isa = PBXGroup;
			children = (
				1F1AB3F616FDE05F00433ED5 /* pagerank.1 */,
			);
			path = pagerank;
			sourceTree = "<group>";
		};
/* End PBXGroup section */

/* Begin PBXNativeTarget section */
		1F1AB3F016FDE05F00433ED5 /* pagerank */ = {
			isa = PBXNativeTarget;
			buildConfigurationList = 1F1AB3F816FDE05F00433ED5 /* Build configuration list for PBXNativeTarget "pagerank" */;
			buildPhases = (
				1F1AB3ED16FDE05F00433ED5 /* Sources */,
				1F1AB3EE16FDE05F00433ED5 /* Frameworks */,
				1F1AB3EF16FDE05F00433ED5 /* CopyFiles */,
			);
			buildRules = (
			);
			dependencies = (
			);
			name = pagerank;
			productName = pagerank;
			productReference = 1F1AB3F116FDE05F00433ED5 /* pagerank */;
			productType = "com.apple.product-type.tool";
		};
/* End PBXNativeTarget section */

/* Begin PBXProject section */
		1F1AB3D016FDDFDB00433ED5 /* Project object */ = {
			isa = PBXProject;
			attributes = {
				LastUpgradeCheck = 0460;
			};
			buildConfigurationList = 1F1AB3D316FDDFDB00433ED5 /* Build configuration list for PBXProject "xcode-sae" */;
			compatibilityVersion = "Xcode 3.2";
			developmentRegion = English;
			hasScannedForEncodings = 0;
			knownRegions = (
				en,
			);
			mainGroup = 1F1AB3CF16FDDFDB00433ED5;
			productRefGroup = 1F1AB3F216FDE05F00433ED5 /* Products */;
			projectDirPath = "";
			projectRoot = "";
			targets = (
				1F1AB3F016FDE05F00433ED5 /* pagerank */,
			);
		};
/* End PBXProject section */

/* Begin PBXSourcesBuildPhase section */
		1F1AB3ED16FDE05F00433ED5 /* Sources */ = {
			isa = PBXSourcesBuildPhase;
			buildActionMask = 2147483647;
			files = (
				1F1AB3FB16FDE11800433ED5 /* pagerank.cpp in Sources */,
			);
			runOnlyForDeploymentPostprocessing = 0;
		};
/* End PBXSourcesBuildPhase section */

/* Begin XCBuildConfiguration section */
		1F1AB3D416FDDFDB00433ED5 /* Debug */ = {
			isa = XCBuildConfiguration;
			buildSettings = {
			};
			name = Debug;
		};
		1F1AB3D516FDDFDB00433ED5 /* Release */ = {
			isa = XCBuildConfiguration;
			buildSettings = {
			};
			name = Release;
		};
		1F1AB3F916FDE05F00433ED5 /* Debug */ = {
			isa = XCBuildConfiguration;
			buildSettings = {
				ALWAYS_SEARCH_USER_PATHS = YES;
				ARCHS = "$(ARCHS_STANDARD_64_BIT)";
				CLANG_CXX_LANGUAGE_STANDARD = "gnu++0x";
				CLANG_CXX_LIBRARY = "libc++";
				CLANG_ENABLE_OBJC_ARC = NO;
				CLANG_WARN_CONSTANT_CONVERSION = YES;
				CLANG_WARN_EMPTY_BODY = YES;
				CLANG_WARN_ENUM_CONVERSION = YES;
				CLANG_WARN_INT_CONVERSION = YES;
				CLANG_WARN__DUPLICATE_METHOD_MATCH = YES;
				COPY_PHASE_STRIP = NO;
				GCC_C_LANGUAGE_STANDARD = gnu99;
				GCC_DYNAMIC_NO_PIC = NO;
				GCC_ENABLE_OBJC_EXCEPTIONS = NO;
				GCC_OPTIMIZATION_LEVEL = 0;
				GCC_PREPROCESSOR_DEFINITIONS = (
					"DEBUG=1",
					"$(inherited)",
				);
				GCC_SYMBOLS_PRIVATE_EXTERN = NO;
				GCC_WARN_64_TO_32_BIT_CONVERSION = YES;
				GCC_WARN_ABOUT_RETURN_TYPE = YES;
				GCC_WARN_UNINITIALIZED_AUTOS = YES;
				GCC_WARN_UNUSED_VARIABLE = YES;
				MACOSX_DEPLOYMENT_TARGET = 10.8;
				ONLY_ACTIVE_ARCH = YES;
				PRODUCT_NAME = "$(TARGET_NAME)";
				SDKROOT = macosx;
			};
			name = Debug;
		};
		1F1AB3FA16FDE05F00433ED5 /* Release */ = {
			isa = XCBuildConfiguration;
			buildSettings = {
				ALWAYS_SEARCH_USER_PATHS = YES;
				ARCHS = "$(ARCHS_STANDARD_64_BIT)";
				CLANG_CXX_LANGUAGE_STANDARD = "gnu++0x";
				CLANG_CXX_LIBRARY = "libc++";
				CLANG_ENABLE_OBJC_ARC = NO;
				CLANG_WARN_CONSTANT_CONVERSION = YES;
				CLANG_WARN_EMPTY_BODY = YES;
				CLANG_WARN_ENUM_CONVERSION = YES;
				CLANG_WARN_INT_CONVERSION = YES;
				CLANG_WARN__DUPLICATE_METHOD_MATCH = YES;
				COPY_PHASE_STRIP = YES;
				DEBUG_INFORMATION_FORMAT = "dwarf-with-dsym";
				GCC_C_LANGUAGE_STANDARD = gnu99;
				GCC_ENABLE_OBJC_EXCEPTIONS = NO;
				GCC_WARN_64_TO_32_BIT_CONVERSION = YES;
				GCC_WARN_ABOUT_RETURN_TYPE = YES;
				GCC_WARN_UNINITIALIZED_AUTOS = YES;
				GCC_WARN_UNUSED_VARIABLE = YES;
				MACOSX_DEPLOYMENT_TARGET = 10.8;
				PRODUCT_NAME = "$(TARGET_NAME)";
				SDKROOT = macosx;
			};
			name = Release;
		};
/* End XCBuildConfiguration section */

/* Begin XCConfigurationList section */
		1F1AB3D316FDDFDB00433ED5 /* Build configuration list for PBXProject "xcode-sae" */ = {
			isa = XCConfigurationList;
			buildConfigurations = (
				1F1AB3D416FDDFDB00433ED5 /* Debug */,
				1F1AB3D516FDDFDB00433ED5 /* Release */,
			);
			defaultConfigurationIsVisible = 0;
			defaultConfigurationName = Release;
		};
		1F1AB3F816FDE05F00433ED5 /* Build configuration list for PBXNativeTarget "pagerank" */ = {
			isa = XCConfigurationList;
			buildConfigurations = (
				1F1AB3F916FDE05F00433ED5 /* Debug */,
				1F1AB3FA16FDE05F00433ED5 /* Release */,
			);
			defaultConfigurationIsVisible = 0;
			defaultConfigurationName = Release;
		};
/* End XCConfigurationList section */
	};
	rootObject = 1F1AB3D016FDDFDB00433ED5 /* Project object */;
}
